{
  "lockfileVersion": 1,
  "workspaces": {
    "": {
      "name": "postfully",
      "devDependencies": {
        "prettier": "3.6.2",
        "prettier-plugin-organize-imports": "4.2.0",
        "prettier-plugin-tailwindcss": "0.6.14",
        "turbo": "2.5.9-canary.10",
      },
    },
    "packages/api": {
      "name": "@postfully/api",
      "dependencies": {
        "hono": "catalog:",
      },
      "devDependencies": {
        "@tsconfig/node22": "catalog:",
        "@types/node": "catalog:",
        "typescript": "catalog:",
      },
    },
  },
  "catalog": {
    "@tsconfig/node22": "22.0.2",
    "@types/bun": "1.2.21",
    "@types/node": "22.13.9",
    "hono": "4.7.10",
    "typescript": "5.9.2",
    "zod": "4.1.8",
  },
  "packages": {
    "@postfully/api": ["@postfully/api@workspace:packages/api"],

    "@tsconfig/node22": ["@tsconfig/node22@22.0.2", "", {}, "sha512-Kmwj4u8sDRDrMYRoN9FDEcXD8UpBSaPQQ24Gz+Gamqfm7xxn+GBR7ge/Z7pK8OXNGyUzbSwJj+TH6B+DS/epyA=="],

    "@types/node": ["@types/node@22.13.9", "", { "dependencies": { "undici-types": "~6.20.0" } }, "sha512-acBjXdRJ3A6Pb3tqnw9HZmyR3Fiol3aGxRCK1x3d+6CDAMjl7I649wpSd+yNURCjbOUGu9tqtLKnTGxmK6CyGw=="],

    "hono": ["hono@4.7.10", "", {}, "sha512-QkACju9MiN59CKSY5JsGZCYmPZkA6sIW6OFCUp7qDjZu6S6KHtJHhAc9Uy9mV9F8PJ1/HQ3ybZF2yjCa/73fvQ=="],

    "prettier": ["prettier@3.6.2", "", { "bin": { "prettier": "bin/prettier.cjs" } }, "sha512-I7AIg5boAr5R0FFtJ6rCfD+LFsWHp81dolrFD8S79U9tb8Az2nGrJncnMSnys+bpQJfRUzqs9hnA81OAA3hCuQ=="],

    "prettier-plugin-organize-imports": ["prettier-plugin-organize-imports@4.2.0", "", { "peerDependencies": { "prettier": ">=2.0", "typescript": ">=2.9", "vue-tsc": "^2.1.0 || 3" }, "optionalPeers": ["vue-tsc"] }, "sha512-Zdy27UhlmyvATZi67BTnLcKTo8fm6Oik59Sz6H64PgZJVs6NJpPD1mT240mmJn62c98/QaL+r3kx9Q3gRpDajg=="],

    "prettier-plugin-tailwindcss": ["prettier-plugin-tailwindcss@0.6.14", "", { "peerDependencies": { "@ianvs/prettier-plugin-sort-imports": "*", "@prettier/plugin-hermes": "*", "@prettier/plugin-oxc": "*", "@prettier/plugin-pug": "*", "@shopify/prettier-plugin-liquid": "*", "@trivago/prettier-plugin-sort-imports": "*", "@zackad/prettier-plugin-twig": "*", "prettier": "^3.0", "prettier-plugin-astro": "*", "prettier-plugin-css-order": "*", "prettier-plugin-import-sort": "*", "prettier-plugin-jsdoc": "*", "prettier-plugin-marko": "*", "prettier-plugin-multiline-arrays": "*", "prettier-plugin-organize-attributes": "*", "prettier-plugin-organize-imports": "*", "prettier-plugin-sort-imports": "*", "prettier-plugin-style-order": "*", "prettier-plugin-svelte": "*" }, "optionalPeers": ["@ianvs/prettier-plugin-sort-imports", "@prettier/plugin-hermes", "@prettier/plugin-oxc", "@prettier/plugin-pug", "@shopify/prettier-plugin-liquid", "@trivago/prettier-plugin-sort-imports", "@zackad/prettier-plugin-twig", "prettier-plugin-astro", "prettier-plugin-css-order", "prettier-plugin-import-sort", "prettier-plugin-jsdoc", "prettier-plugin-marko", "prettier-plugin-multiline-arrays", "prettier-plugin-organize-attributes", "prettier-plugin-organize-imports", "prettier-plugin-sort-imports", "prettier-plugin-style-order", "prettier-plugin-svelte"] }, "sha512-pi2e/+ZygeIqntN+vC573BcW5Cve8zUB0SSAGxqpB4f96boZF4M3phPVoOFCeypwkpRYdi7+jQ5YJJUwrkGUAg=="],

    "turbo": ["turbo@2.5.9-canary.10", "", { "optionalDependencies": { "turbo-darwin-64": "2.5.9-canary.10", "turbo-darwin-arm64": "2.5.9-canary.10", "turbo-linux-64": "2.5.9-canary.10", "turbo-linux-arm64": "2.5.9-canary.10", "turbo-windows-64": "2.5.9-canary.10", "turbo-windows-arm64": "2.5.9-canary.10" }, "bin": { "turbo": "bin/turbo" } }, "sha512-QZ6Sih2lyTH7MyA2QvGVnKOeU9I69s3Wdfqn59NnaE3q+/YRnRzXJsTIWkw6nIaIaQ4bw/ow4louOT4Pq/7nOA=="],

    "turbo-darwin-64": ["turbo-darwin-64@2.5.9-canary.10", "", { "os": "darwin", "cpu": "x64" }, "sha512-KJXZEJwqAdA2C1W8uMvrIIOGUc6aUTbbEchouTnE4Fyjr7xlL7XUVoEQfHO/uEuXIn/DoHl3rMWw+5FQqCwYMw=="],

    "turbo-darwin-arm64": ["turbo-darwin-arm64@2.5.9-canary.10", "", { "os": "darwin", "cpu": "arm64" }, "sha512-UixCliPYpW53y2lBsy/MK5xL+y4QgtcC0I/Go41u87B0CWAhm2LFxCgS3ZdE5lIYv3hR2ckNEX+lFP9XB7iQng=="],

    "turbo-linux-64": ["turbo-linux-64@2.5.9-canary.10", "", { "os": "linux", "cpu": "x64" }, "sha512-n/kZStIp1XgV4qJSGhtDt9Q7tEjnHGzZFW2l9hPyiOurEYBh1aBY/y2hBpmm5lDqMpgx+WzoEROOb4yx45/bLQ=="],

    "turbo-linux-arm64": ["turbo-linux-arm64@2.5.9-canary.10", "", { "os": "linux", "cpu": "arm64" }, "sha512-GcMGiQqqg5iebaWBusTZakCHZICGzZF3JIKTsJBwYr5wa9aN8YcJeOcs1/pN59grf/VPM3U8CmWuTzdx6OjHGw=="],

    "turbo-windows-64": ["turbo-windows-64@2.5.9-canary.10", "", { "os": "win32", "cpu": "x64" }, "sha512-PrwopImcXWQugJz6rzw3yLHBU345FvDnHuBUi7Na2oI7t47PMw5LXvmEDHOiiFd5qA4xerfd6XsblNHG6dAG7A=="],

    "turbo-windows-arm64": ["turbo-windows-arm64@2.5.9-canary.10", "", { "os": "win32", "cpu": "arm64" }, "sha512-MLzwBnXRTA4VNCTLGZCkwhPsM1wcxXgZb7j2+xI7ySJck9yuMO5Go32sLXnp0blLvATsll4tsz3k0/ohU8Qj8g=="],

    "typescript": ["typescript@5.9.2", "", { "bin": { "tsc": "bin/tsc", "tsserver": "bin/tsserver" } }, "sha512-CWBzXQrc/qOkhidw1OzBTQuYRbfyxDXJMVJ1XNwUHGROVmuaeiEm3OslpZ1RV96d7SKKjZKrSJu3+t/xlw3R9A=="],

    "undici-types": ["undici-types@6.20.0", "", {}, "sha512-Ny6QZ2Nju20vw1SRHe3d9jVu6gJ+4e3+MMpqu7pqE5HT6WsTSlce++GQmK5UXS8mzV8DSYHrQH+Xrf2jVcuKNg=="],
  }
}
